
Microsoft Visual Studio Solution File, Format Version 12.00
# Visual Studio Version 16
VisualStudioVersion = 16.0.31729.503
MinimumVisualStudioVersion = 10.0.40219.1
Project("{9A19103F-16F7-4668-BE54-9A1E7A4F7556}") = "Livesoft.Revolut", "Livesoft.Revolut.csproj", "{930FDCC4-0863-46B6-9734-D2658B203066}"
EndProject
Global
	GlobalSection(SolutionConfigurationPlatforms) = preSolution
		Debug|Any CPU = Debug|Any CPU
		Release|Any CPU = Release|Any CPU
	EndGlobalSection
	GlobalSection(ProjectConfigurationPlatforms) = postSolution
		{930FDCC4-0863-46B6-9734-D2658B203066}.Debug|Any CPU.ActiveCfg = Debug|Any CPU
		{930FDCC4-0863-46B6-9734-D2658B203066}.Debug|Any CPU.Build.0 = Debug|Any CPU
		{930FDCC4-0863-46B6-9734-D2658B203066}.Release|Any CPU.ActiveCfg = Release|Any CPU
		{930FDCC4-0863-46B6-9734-D2658B203066}.Release|Any CPU.Build.0 = Release|Any CPU
	EndGlobalSection
	GlobalSection(SolutionProperties) = preSolution
		HideSolutionNode = FALSE
	EndGlobalSection
	GlobalSection(ExtensibilityGlobals) = postSolution
		SolutionGuid = {E5FF3CF6-E5DD-495E-B910-23574EC37C1E}
	EndGlobalSection
EndGlobal
